
Microsoft Visual Studio Solution File, Format Version 12.00
# Visual Studio Version 16
VisualStudioVersion = 16.0.30517.126
MinimumVisualStudioVersion = 10.0.40219.1
Project("{8BC9CEB8-8B4A-11D0-8D11-00A0C91BC942}") = "fft", "fft\fft.vcxproj", "{BCE0AB8E-655D-4FB2-B273-CC53497DE4D0}"
EndProject
Global
	GlobalSection(SolutionConfigurationPlatforms) = preSolution
		Debug|x64 = Debug|x64
		Debug|x86 = Debug|x86
		Release|x64 = Release|x64
		Release|x86 = Release|x86
	EndGlobalSection
	GlobalSection(ProjectConfigurationPlatforms) = postSolution
		{BCE0AB8E-655D-4FB2-B273-CC53497DE4D0}.Debug|x64.ActiveCfg = Debug|x64
		{BCE0AB8E-655D-4FB2-B273-CC53497DE4D0}.Debug|x64.Build.0 = Debug|x64
		{BCE0AB8E-655D-4FB2-B273-CC53497DE4D0}.Debug|x86.ActiveCfg = Debug|Win32
		{BCE0AB8E-655D-4FB2-B273-CC53497DE4D0}.Debug|x86.Build.0 = Debug|Win32
		{BCE0AB8E-655D-4FB2-B273-CC53497DE4D0}.Release|x64.ActiveCfg = Release|x64
		{BCE0AB8E-655D-4FB2-B273-CC53497DE4D0}.Release|x64.Build.0 = Release|x64
		{BCE0AB8E-655D-4FB2-B273-CC53497DE4D0}.Release|x86.ActiveCfg = Release|Win32
		{BCE0AB8E-655D-4FB2-B273-CC53497DE4D0}.Release|x86.Build.0 = Release|Win32
	EndGlobalSection
	GlobalSection(SolutionProperties) = preSolution
		HideSolutionNode = FALSE
	EndGlobalSection
	GlobalSection(ExtensibilityGlobals) = postSolution
		SolutionGuid = {1580A2DF-764F-47E4-87ED-BFFC2CB16912}
	EndGlobalSection
EndGlobal
